
Microsoft Visual Studio Solution File, Format Version 12.00
# Visual Studio Version 16
VisualStudioVersion = 16.0.31729.503
MinimumVisualStudioVersion = 10.0.40219.1
Project("{FAE04EC0-301F-11D3-BF4B-00C04F79EFBC}") = "BibliotecaUI", "BibliotecaUI\BibliotecaUI.csproj", "{BA23D477-9BF2-4A84-AF46-3B81A9EADBFE}"
EndProject
Project("{FAE04EC0-301F-11D3-BF4B-00C04F79EFBC}") = "BibliotecaEntidades", "BibliotecaEntidades\BibliotecaEntidades.csproj", "{3316D274-BA7B-4952-A752-CDD921D32975}"
EndProject
Global
	GlobalSection(SolutionConfigurationPlatforms) = preSolution
		Debug|Any CPU = Debug|Any CPU
		Release|Any CPU = Release|Any CPU
	EndGlobalSection
	GlobalSection(ProjectConfigurationPlatforms) = postSolution
		{BA23D477-9BF2-4A84-AF46-3B81A9EADBFE}.Debug|Any CPU.ActiveCfg = Debug|Any CPU
		{BA23D477-9BF2-4A84-AF46-3B81A9EADBFE}.Debug|Any CPU.Build.0 = Debug|Any CPU
		{BA23D477-9BF2-4A84-AF46-3B81A9EADBFE}.Release|Any CPU.ActiveCfg = Release|Any CPU
		{BA23D477-9BF2-4A84-AF46-3B81A9EADBFE}.Release|Any CPU.Build.0 = Release|Any CPU
		{3316D274-BA7B-4952-A752-CDD921D32975}.Debug|Any CPU.ActiveCfg = Debug|Any CPU
		{3316D274-BA7B-4952-A752-CDD921D32975}.Debug|Any CPU.Build.0 = Debug|Any CPU
		{3316D274-BA7B-4952-A752-CDD921D32975}.Release|Any CPU.ActiveCfg = Release|Any CPU
		{3316D274-BA7B-4952-A752-CDD921D32975}.Release|Any CPU.Build.0 = Release|Any CPU
	EndGlobalSection
	GlobalSection(SolutionProperties) = preSolution
		HideSolutionNode = FALSE
	EndGlobalSection
	GlobalSection(ExtensibilityGlobals) = postSolution
		SolutionGuid = {7194033A-3CA0-417E-8A08-A132177C045C}
	EndGlobalSection
EndGlobal
